
Microsoft Visual Studio Solution File, Format Version 12.00
# Visual Studio 15
VisualStudioVersion = 15.0.28307.168
MinimumVisualStudioVersion = 10.0.40219.1
Project("{FAE04EC0-301F-11D3-BF4B-00C04F79EFBC}") = "ConsoleApp5", "ConsoleApp5\ConsoleApp5.csproj", "{2F04CD9A-E2DD-43BF-97EF-D34751872EBC}"
EndProject
Global
	GlobalSection(SolutionConfigurationPlatforms) = preSolution
		Debug|Any CPU = Debug|Any CPU
		Release|Any CPU = Release|Any CPU
	EndGlobalSection
	GlobalSection(ProjectConfigurationPlatforms) = postSolution
		{2F04CD9A-E2DD-43BF-97EF-D34751872EBC}.Debug|Any CPU.ActiveCfg = Debug|Any CPU
		{2F04CD9A-E2DD-43BF-97EF-D34751872EBC}.Debug|Any CPU.Build.0 = Debug|Any CPU
		{2F04CD9A-E2DD-43BF-97EF-D34751872EBC}.Release|Any CPU.ActiveCfg = Release|Any CPU
		{2F04CD9A-E2DD-43BF-97EF-D34751872EBC}.Release|Any CPU.Build.0 = Release|Any CPU
	EndGlobalSection
	GlobalSection(SolutionProperties) = preSolution
		HideSolutionNode = FALSE
	EndGlobalSection
	GlobalSection(ExtensibilityGlobals) = postSolution
		SolutionGuid = {68C302B5-C54E-4940-8416-1A839963E959}
	EndGlobalSection
EndGlobal
